{
  "requires": true,
  "lockfileVersion": 1,
  "dependencies": {
    "bootstrap-scss": {
      "version": "5.0.1",
      "resolved": "https://registry.npmjs.org/bootstrap-scss/-/bootstrap-scss-5.0.1.tgz",
      "integrity": "sha512-I3BH3spGofQMtkYx5yKSpkYCfUg4veXs7BGWCv6LVHLf8rvJe84PpBMHFedUXvLwt85VQqbplegrCUGYcHY3Sg=="
    }
  }
}
